
Microsoft Visual Studio Solution File, Format Version 12.00
# Visual Studio Version 16
VisualStudioVersion = 16.0.29806.167
MinimumVisualStudioVersion = 10.0.40219.1
Project("{FAE04EC0-301F-11D3-BF4B-00C04F79EFBC}") = "ChienTsang", "ChienTsang\ChienTsang.csproj", "{74AFE1D5-2E1D-4D05-87FC-2494C30DBD44}"
EndProject
Global
	GlobalSection(SolutionConfigurationPlatforms) = preSolution
		Debug|Any CPU = Debug|Any CPU
		Release|Any CPU = Release|Any CPU
	EndGlobalSection
	GlobalSection(ProjectConfigurationPlatforms) = postSolution
		{74AFE1D5-2E1D-4D05-87FC-2494C30DBD44}.Debug|Any CPU.ActiveCfg = Debug|Any CPU
		{74AFE1D5-2E1D-4D05-87FC-2494C30DBD44}.Debug|Any CPU.Build.0 = Debug|Any CPU
		{74AFE1D5-2E1D-4D05-87FC-2494C30DBD44}.Release|Any CPU.ActiveCfg = Release|Any CPU
		{74AFE1D5-2E1D-4D05-87FC-2494C30DBD44}.Release|Any CPU.Build.0 = Release|Any CPU
	EndGlobalSection
	GlobalSection(SolutionProperties) = preSolution
		HideSolutionNode = FALSE
	EndGlobalSection
	GlobalSection(ExtensibilityGlobals) = postSolution
		SolutionGuid = {504DBED4-0A88-47B6-A18D-36FEB1170721}
	EndGlobalSection
EndGlobal
